
Microsoft Visual Studio Solution File, Format Version 12.00
# Visual Studio Version 17
VisualStudioVersion = 17.8.34525.116
MinimumVisualStudioVersion = 10.0.40219.1
Project("{FAE04EC0-301F-11D3-BF4B-00C04F79EFBC}") = "ManagementSystem", "ManagementSystem\ManagementSystem.csproj", "{90038319-48CE-498E-A37F-95D6D103073F}"
EndProject
Global
	GlobalSection(SolutionConfigurationPlatforms) = preSolution
		Debug|Any CPU = Debug|Any CPU
		Release|Any CPU = Release|Any CPU
	EndGlobalSection
	GlobalSection(ProjectConfigurationPlatforms) = postSolution
		{90038319-48CE-498E-A37F-95D6D103073F}.Debug|Any CPU.ActiveCfg = Debug|Any CPU
		{90038319-48CE-498E-A37F-95D6D103073F}.Debug|Any CPU.Build.0 = Debug|Any CPU
		{90038319-48CE-498E-A37F-95D6D103073F}.Release|Any CPU.ActiveCfg = Release|Any CPU
		{90038319-48CE-498E-A37F-95D6D103073F}.Release|Any CPU.Build.0 = Release|Any CPU
	EndGlobalSection
	GlobalSection(SolutionProperties) = preSolution
		HideSolutionNode = FALSE
	EndGlobalSection
	GlobalSection(ExtensibilityGlobals) = postSolution
		SolutionGuid = {DB7B92B0-E897-4639-87B6-69F2530EC606}
	EndGlobalSection
EndGlobal
